
Microsoft Visual Studio Solution File, Format Version 12.00
# Visual Studio Version 17
VisualStudioVersion = 17.4.33213.308
MinimumVisualStudioVersion = 10.0.40219.1
Project("{9A19103F-16F7-4668-BE54-9A1E7A4F7556}") = "DatabaseFirst", "DatabaseFirst\DatabaseFirst.csproj", "{11CBEF8A-7390-4DB9-958B-E0D2B770FFBE}"
EndProject
Global
	GlobalSection(SolutionConfigurationPlatforms) = preSolution
		Debug|Any CPU = Debug|Any CPU
		Release|Any CPU = Release|Any CPU
	EndGlobalSection
	GlobalSection(ProjectConfigurationPlatforms) = postSolution
		{11CBEF8A-7390-4DB9-958B-E0D2B770FFBE}.Debug|Any CPU.ActiveCfg = Debug|Any CPU
		{11CBEF8A-7390-4DB9-958B-E0D2B770FFBE}.Debug|Any CPU.Build.0 = Debug|Any CPU
		{11CBEF8A-7390-4DB9-958B-E0D2B770FFBE}.Release|Any CPU.ActiveCfg = Release|Any CPU
		{11CBEF8A-7390-4DB9-958B-E0D2B770FFBE}.Release|Any CPU.Build.0 = Release|Any CPU
	EndGlobalSection
	GlobalSection(SolutionProperties) = preSolution
		HideSolutionNode = FALSE
	EndGlobalSection
	GlobalSection(ExtensibilityGlobals) = postSolution
		SolutionGuid = {673EC600-12A8-4B00-BCB8-97C9522CAA7F}
	EndGlobalSection
EndGlobal
