
Microsoft Visual Studio Solution File, Format Version 12.00
# Visual Studio Version 17
VisualStudioVersion = 17.4.33213.308
MinimumVisualStudioVersion = 10.0.40219.1
Project("{9A19103F-16F7-4668-BE54-9A1E7A4F7556}") = "DatabaseFirst", "DatabaseFirst\DatabaseFirst.csproj", "{11CBEF8A-7390-4DB9-958B-E0D2B770FFBE}"
EndProject
Project("{9A19103F-16F7-4668-BE54-9A1E7A4F7556}") = "CodeFirst", "CodeFirst\CodeFirst.csproj", "{00000EDF-0264-4F37-89DA-5B2E70339DF9}"
EndProject
Project("{9A19103F-16F7-4668-BE54-9A1E7A4F7556}") = "Data_Addition_And_Persistence", "Data_Addition_And_Persistence\Data_Addition_And_Persistence.csproj", "{36D8E18F-5DEC-49FE-92F1-3A7FB4E0CB19}"
EndProject
Project("{2150E333-8FDC-42A3-9474-1A3956D46DE8}") = "Command", "Command", "{AAFE7140-1225-4B48-86AE-DC48B9F78294}"
	ProjectSection(SolutionItems) = preProject
		Command.txt = Command.txt
	EndProjectSection
EndProject
Project("{9A19103F-16F7-4668-BE54-9A1E7A4F7556}") = "Data_Update_And_Persistence", "Data_Update_And_Persistence\Data_Update_And_Persistence.csproj", "{757EDDD5-9F0E-4260-98C3-51C25B46B90B}"
EndProject
Project("{9A19103F-16F7-4668-BE54-9A1E7A4F7556}") = "Data_Delete_And_Persistence", "Data_Delete_And_Persistence\Data_Delete_And_Persistence.csproj", "{95AF726C-CD5E-4F74-B9E6-372A4442F3C0}"
EndProject
Project("{9A19103F-16F7-4668-BE54-9A1E7A4F7556}") = "Querying", "Querying\Querying.csproj", "{613DD50C-F9A1-4C6C-83EA-8DC2165717B6}"
EndProject
Project("{9A19103F-16F7-4668-BE54-9A1E7A4F7556}") = "ChangeTracker", "ChangeTracker\ChangeTracker.csproj", "{A63B7D1E-855B-4DBF-B6F9-4CD299E95C50}"
EndProject
Project("{9A19103F-16F7-4668-BE54-9A1E7A4F7556}") = "Tracking", "Tracking\Tracking.csproj", "{AAE29D26-CB9C-4083-AF49-8A646C652131}"
EndProject
Project("{9A19103F-16F7-4668-BE54-9A1E7A4F7556}") = "Relational_Structures", "Relational_Structures\Relational_Structures.csproj", "{567BDD80-5458-40C6-977F-FFC0CDEC2DB1}"
EndProject
Project("{9A19103F-16F7-4668-BE54-9A1E7A4F7556}") = "One_to_One", "One_to_One\One_to_One.csproj", "{A1A0DB95-F3F2-4B62-9CEF-4E4E89CB0933}"
EndProject
Project("{9A19103F-16F7-4668-BE54-9A1E7A4F7556}") = "One_to_Many", "One_to_Many\One_to_Many.csproj", "{FE4E87C1-44D5-44DC-97D6-D816E0E61399}"
EndProject
Project("{9A19103F-16F7-4668-BE54-9A1E7A4F7556}") = "Many_to_Many", "Many_to_Many\Many_to_Many.csproj", "{32AF5E17-1812-4581-8A36-ECE53AA14DC2}"
EndProject
Project("{9A19103F-16F7-4668-BE54-9A1E7A4F7556}") = "Saving_Related_Data", "Saving_Related_Data\Saving_Related_Data.csproj", "{98DA13BE-1E42-41D3-B35B-D684922B6C61}"
EndProject
Project("{9A19103F-16F7-4668-BE54-9A1E7A4F7556}") = "Updating_Related_Data", "Updating_Related_Data\Updating_Related_Data.csproj", "{9410A9B8-FAE4-4D27-A6D2-88F747286836}"
EndProject
Project("{FAE04EC0-301F-11D3-BF4B-00C04F79EFBC}") = "Delete_Related_Data", "Delete_Related_Data\Delete_Related_Data.csproj", "{C145C0D8-299C-45C9-8534-E59EE1B145E3}"
EndProject
Project("{FAE04EC0-301F-11D3-BF4B-00C04F79EFBC}") = "Shadow_Property", "Shadow_Property\Shadow_Property.csproj", "{8709C5B6-59E2-4C90-9867-FADC95FC1EA1}"
EndProject
Global
	GlobalSection(SolutionConfigurationPlatforms) = preSolution
		Debug|Any CPU = Debug|Any CPU
		Release|Any CPU = Release|Any CPU
	EndGlobalSection
	GlobalSection(ProjectConfigurationPlatforms) = postSolution
		{11CBEF8A-7390-4DB9-958B-E0D2B770FFBE}.Debug|Any CPU.ActiveCfg = Debug|Any CPU
		{11CBEF8A-7390-4DB9-958B-E0D2B770FFBE}.Debug|Any CPU.Build.0 = Debug|Any CPU
		{11CBEF8A-7390-4DB9-958B-E0D2B770FFBE}.Release|Any CPU.ActiveCfg = Release|Any CPU
		{11CBEF8A-7390-4DB9-958B-E0D2B770FFBE}.Release|Any CPU.Build.0 = Release|Any CPU
		{00000EDF-0264-4F37-89DA-5B2E70339DF9}.Debug|Any CPU.ActiveCfg = Debug|Any CPU
		{00000EDF-0264-4F37-89DA-5B2E70339DF9}.Debug|Any CPU.Build.0 = Debug|Any CPU
		{00000EDF-0264-4F37-89DA-5B2E70339DF9}.Release|Any CPU.ActiveCfg = Release|Any CPU
		{00000EDF-0264-4F37-89DA-5B2E70339DF9}.Release|Any CPU.Build.0 = Release|Any CPU
		{36D8E18F-5DEC-49FE-92F1-3A7FB4E0CB19}.Debug|Any CPU.ActiveCfg = Debug|Any CPU
		{36D8E18F-5DEC-49FE-92F1-3A7FB4E0CB19}.Debug|Any CPU.Build.0 = Debug|Any CPU
		{36D8E18F-5DEC-49FE-92F1-3A7FB4E0CB19}.Release|Any CPU.ActiveCfg = Release|Any CPU
		{36D8E18F-5DEC-49FE-92F1-3A7FB4E0CB19}.Release|Any CPU.Build.0 = Release|Any CPU
		{757EDDD5-9F0E-4260-98C3-51C25B46B90B}.Debug|Any CPU.ActiveCfg = Debug|Any CPU
		{757EDDD5-9F0E-4260-98C3-51C25B46B90B}.Debug|Any CPU.Build.0 = Debug|Any CPU
		{757EDDD5-9F0E-4260-98C3-51C25B46B90B}.Release|Any CPU.ActiveCfg = Release|Any CPU
		{757EDDD5-9F0E-4260-98C3-51C25B46B90B}.Release|Any CPU.Build.0 = Release|Any CPU
		{95AF726C-CD5E-4F74-B9E6-372A4442F3C0}.Debug|Any CPU.ActiveCfg = Debug|Any CPU
		{95AF726C-CD5E-4F74-B9E6-372A4442F3C0}.Debug|Any CPU.Build.0 = Debug|Any CPU
		{95AF726C-CD5E-4F74-B9E6-372A4442F3C0}.Release|Any CPU.ActiveCfg = Release|Any CPU
		{95AF726C-CD5E-4F74-B9E6-372A4442F3C0}.Release|Any CPU.Build.0 = Release|Any CPU
		{613DD50C-F9A1-4C6C-83EA-8DC2165717B6}.Debug|Any CPU.ActiveCfg = Debug|Any CPU
		{613DD50C-F9A1-4C6C-83EA-8DC2165717B6}.Debug|Any CPU.Build.0 = Debug|Any CPU
		{613DD50C-F9A1-4C6C-83EA-8DC2165717B6}.Release|Any CPU.ActiveCfg = Release|Any CPU
		{613DD50C-F9A1-4C6C-83EA-8DC2165717B6}.Release|Any CPU.Build.0 = Release|Any CPU
		{A63B7D1E-855B-4DBF-B6F9-4CD299E95C50}.Debug|Any CPU.ActiveCfg = Debug|Any CPU
		{A63B7D1E-855B-4DBF-B6F9-4CD299E95C50}.Debug|Any CPU.Build.0 = Debug|Any CPU
		{A63B7D1E-855B-4DBF-B6F9-4CD299E95C50}.Release|Any CPU.ActiveCfg = Release|Any CPU
		{A63B7D1E-855B-4DBF-B6F9-4CD299E95C50}.Release|Any CPU.Build.0 = Release|Any CPU
		{AAE29D26-CB9C-4083-AF49-8A646C652131}.Debug|Any CPU.ActiveCfg = Debug|Any CPU
		{AAE29D26-CB9C-4083-AF49-8A646C652131}.Debug|Any CPU.Build.0 = Debug|Any CPU
		{AAE29D26-CB9C-4083-AF49-8A646C652131}.Release|Any CPU.ActiveCfg = Release|Any CPU
		{AAE29D26-CB9C-4083-AF49-8A646C652131}.Release|Any CPU.Build.0 = Release|Any CPU
		{567BDD80-5458-40C6-977F-FFC0CDEC2DB1}.Debug|Any CPU.ActiveCfg = Debug|Any CPU
		{567BDD80-5458-40C6-977F-FFC0CDEC2DB1}.Debug|Any CPU.Build.0 = Debug|Any CPU
		{567BDD80-5458-40C6-977F-FFC0CDEC2DB1}.Release|Any CPU.ActiveCfg = Release|Any CPU
		{567BDD80-5458-40C6-977F-FFC0CDEC2DB1}.Release|Any CPU.Build.0 = Release|Any CPU
		{A1A0DB95-F3F2-4B62-9CEF-4E4E89CB0933}.Debug|Any CPU.ActiveCfg = Debug|Any CPU
		{A1A0DB95-F3F2-4B62-9CEF-4E4E89CB0933}.Debug|Any CPU.Build.0 = Debug|Any CPU
		{A1A0DB95-F3F2-4B62-9CEF-4E4E89CB0933}.Release|Any CPU.ActiveCfg = Release|Any CPU
		{A1A0DB95-F3F2-4B62-9CEF-4E4E89CB0933}.Release|Any CPU.Build.0 = Release|Any CPU
		{FE4E87C1-44D5-44DC-97D6-D816E0E61399}.Debug|Any CPU.ActiveCfg = Debug|Any CPU
		{FE4E87C1-44D5-44DC-97D6-D816E0E61399}.Debug|Any CPU.Build.0 = Debug|Any CPU
		{FE4E87C1-44D5-44DC-97D6-D816E0E61399}.Release|Any CPU.ActiveCfg = Release|Any CPU
		{FE4E87C1-44D5-44DC-97D6-D816E0E61399}.Release|Any CPU.Build.0 = Release|Any CPU
		{32AF5E17-1812-4581-8A36-ECE53AA14DC2}.Debug|Any CPU.ActiveCfg = Debug|Any CPU
		{32AF5E17-1812-4581-8A36-ECE53AA14DC2}.Debug|Any CPU.Build.0 = Debug|Any CPU
		{32AF5E17-1812-4581-8A36-ECE53AA14DC2}.Release|Any CPU.ActiveCfg = Release|Any CPU
		{32AF5E17-1812-4581-8A36-ECE53AA14DC2}.Release|Any CPU.Build.0 = Release|Any CPU
		{98DA13BE-1E42-41D3-B35B-D684922B6C61}.Debug|Any CPU.ActiveCfg = Debug|Any CPU
		{98DA13BE-1E42-41D3-B35B-D684922B6C61}.Debug|Any CPU.Build.0 = Debug|Any CPU
		{98DA13BE-1E42-41D3-B35B-D684922B6C61}.Release|Any CPU.ActiveCfg = Release|Any CPU
		{98DA13BE-1E42-41D3-B35B-D684922B6C61}.Release|Any CPU.Build.0 = Release|Any CPU
		{9410A9B8-FAE4-4D27-A6D2-88F747286836}.Debug|Any CPU.ActiveCfg = Debug|Any CPU
		{9410A9B8-FAE4-4D27-A6D2-88F747286836}.Debug|Any CPU.Build.0 = Debug|Any CPU
		{9410A9B8-FAE4-4D27-A6D2-88F747286836}.Release|Any CPU.ActiveCfg = Release|Any CPU
		{9410A9B8-FAE4-4D27-A6D2-88F747286836}.Release|Any CPU.Build.0 = Release|Any CPU
		{C145C0D8-299C-45C9-8534-E59EE1B145E3}.Debug|Any CPU.ActiveCfg = Debug|Any CPU
		{C145C0D8-299C-45C9-8534-E59EE1B145E3}.Debug|Any CPU.Build.0 = Debug|Any CPU
		{C145C0D8-299C-45C9-8534-E59EE1B145E3}.Release|Any CPU.ActiveCfg = Release|Any CPU
		{C145C0D8-299C-45C9-8534-E59EE1B145E3}.Release|Any CPU.Build.0 = Release|Any CPU
		{8709C5B6-59E2-4C90-9867-FADC95FC1EA1}.Debug|Any CPU.ActiveCfg = Debug|Any CPU
		{8709C5B6-59E2-4C90-9867-FADC95FC1EA1}.Debug|Any CPU.Build.0 = Debug|Any CPU
		{8709C5B6-59E2-4C90-9867-FADC95FC1EA1}.Release|Any CPU.ActiveCfg = Release|Any CPU
		{8709C5B6-59E2-4C90-9867-FADC95FC1EA1}.Release|Any CPU.Build.0 = Release|Any CPU
	EndGlobalSection
	GlobalSection(SolutionProperties) = preSolution
		HideSolutionNode = FALSE
	EndGlobalSection
	GlobalSection(ExtensibilityGlobals) = postSolution
		SolutionGuid = {673EC600-12A8-4B00-BCB8-97C9522CAA7F}
	EndGlobalSection
EndGlobal
