
Microsoft Visual Studio Solution File, Format Version 12.00
# Visual Studio Version 17
VisualStudioVersion = 17.4.33213.308
MinimumVisualStudioVersion = 10.0.40219.1
Project("{9A19103F-16F7-4668-BE54-9A1E7A4F7556}") = "DatabaseFirst", "DatabaseFirst\DatabaseFirst.csproj", "{11CBEF8A-7390-4DB9-958B-E0D2B770FFBE}"
EndProject
Project("{9A19103F-16F7-4668-BE54-9A1E7A4F7556}") = "CodeFirst", "CodeFirst\CodeFirst.csproj", "{00000EDF-0264-4F37-89DA-5B2E70339DF9}"
EndProject
Project("{9A19103F-16F7-4668-BE54-9A1E7A4F7556}") = "Data_Addition_And_Persistence", "Data_Addition_And_Persistence\Data_Addition_And_Persistence.csproj", "{36D8E18F-5DEC-49FE-92F1-3A7FB4E0CB19}"
EndProject
Project("{2150E333-8FDC-42A3-9474-1A3956D46DE8}") = "Command", "Command", "{AAFE7140-1225-4B48-86AE-DC48B9F78294}"
	ProjectSection(SolutionItems) = preProject
		Command.txt = Command.txt
	EndProjectSection
EndProject
Project("{9A19103F-16F7-4668-BE54-9A1E7A4F7556}") = "Data_Update_And_Persistence", "Data_Update_And_Persistence\Data_Update_And_Persistence.csproj", "{757EDDD5-9F0E-4260-98C3-51C25B46B90B}"
EndProject
Project("{9A19103F-16F7-4668-BE54-9A1E7A4F7556}") = "Data_Delete_And_Persistence", "Data_Delete_And_Persistence\Data_Delete_And_Persistence.csproj", "{95AF726C-CD5E-4F74-B9E6-372A4442F3C0}"
EndProject
Project("{9A19103F-16F7-4668-BE54-9A1E7A4F7556}") = "Querying", "Querying\Querying.csproj", "{613DD50C-F9A1-4C6C-83EA-8DC2165717B6}"
EndProject
Project("{9A19103F-16F7-4668-BE54-9A1E7A4F7556}") = "ChangeTracker", "ChangeTracker\ChangeTracker.csproj", "{A63B7D1E-855B-4DBF-B6F9-4CD299E95C50}"
EndProject
Project("{FAE04EC0-301F-11D3-BF4B-00C04F79EFBC}") = "Tracking", "Tracking\Tracking.csproj", "{AAE29D26-CB9C-4083-AF49-8A646C652131}"
EndProject
Global
	GlobalSection(SolutionConfigurationPlatforms) = preSolution
		Debug|Any CPU = Debug|Any CPU
		Release|Any CPU = Release|Any CPU
	EndGlobalSection
	GlobalSection(ProjectConfigurationPlatforms) = postSolution
		{11CBEF8A-7390-4DB9-958B-E0D2B770FFBE}.Debug|Any CPU.ActiveCfg = Debug|Any CPU
		{11CBEF8A-7390-4DB9-958B-E0D2B770FFBE}.Debug|Any CPU.Build.0 = Debug|Any CPU
		{11CBEF8A-7390-4DB9-958B-E0D2B770FFBE}.Release|Any CPU.ActiveCfg = Release|Any CPU
		{11CBEF8A-7390-4DB9-958B-E0D2B770FFBE}.Release|Any CPU.Build.0 = Release|Any CPU
		{00000EDF-0264-4F37-89DA-5B2E70339DF9}.Debug|Any CPU.ActiveCfg = Debug|Any CPU
		{00000EDF-0264-4F37-89DA-5B2E70339DF9}.Debug|Any CPU.Build.0 = Debug|Any CPU
		{00000EDF-0264-4F37-89DA-5B2E70339DF9}.Release|Any CPU.ActiveCfg = Release|Any CPU
		{00000EDF-0264-4F37-89DA-5B2E70339DF9}.Release|Any CPU.Build.0 = Release|Any CPU
		{36D8E18F-5DEC-49FE-92F1-3A7FB4E0CB19}.Debug|Any CPU.ActiveCfg = Debug|Any CPU
		{36D8E18F-5DEC-49FE-92F1-3A7FB4E0CB19}.Debug|Any CPU.Build.0 = Debug|Any CPU
		{36D8E18F-5DEC-49FE-92F1-3A7FB4E0CB19}.Release|Any CPU.ActiveCfg = Release|Any CPU
		{36D8E18F-5DEC-49FE-92F1-3A7FB4E0CB19}.Release|Any CPU.Build.0 = Release|Any CPU
		{757EDDD5-9F0E-4260-98C3-51C25B46B90B}.Debug|Any CPU.ActiveCfg = Debug|Any CPU
		{757EDDD5-9F0E-4260-98C3-51C25B46B90B}.Debug|Any CPU.Build.0 = Debug|Any CPU
		{757EDDD5-9F0E-4260-98C3-51C25B46B90B}.Release|Any CPU.ActiveCfg = Release|Any CPU
		{757EDDD5-9F0E-4260-98C3-51C25B46B90B}.Release|Any CPU.Build.0 = Release|Any CPU
		{95AF726C-CD5E-4F74-B9E6-372A4442F3C0}.Debug|Any CPU.ActiveCfg = Debug|Any CPU
		{95AF726C-CD5E-4F74-B9E6-372A4442F3C0}.Debug|Any CPU.Build.0 = Debug|Any CPU
		{95AF726C-CD5E-4F74-B9E6-372A4442F3C0}.Release|Any CPU.ActiveCfg = Release|Any CPU
		{95AF726C-CD5E-4F74-B9E6-372A4442F3C0}.Release|Any CPU.Build.0 = Release|Any CPU
		{613DD50C-F9A1-4C6C-83EA-8DC2165717B6}.Debug|Any CPU.ActiveCfg = Debug|Any CPU
		{613DD50C-F9A1-4C6C-83EA-8DC2165717B6}.Debug|Any CPU.Build.0 = Debug|Any CPU
		{613DD50C-F9A1-4C6C-83EA-8DC2165717B6}.Release|Any CPU.ActiveCfg = Release|Any CPU
		{613DD50C-F9A1-4C6C-83EA-8DC2165717B6}.Release|Any CPU.Build.0 = Release|Any CPU
		{A63B7D1E-855B-4DBF-B6F9-4CD299E95C50}.Debug|Any CPU.ActiveCfg = Debug|Any CPU
		{A63B7D1E-855B-4DBF-B6F9-4CD299E95C50}.Debug|Any CPU.Build.0 = Debug|Any CPU
		{A63B7D1E-855B-4DBF-B6F9-4CD299E95C50}.Release|Any CPU.ActiveCfg = Release|Any CPU
		{A63B7D1E-855B-4DBF-B6F9-4CD299E95C50}.Release|Any CPU.Build.0 = Release|Any CPU
		{AAE29D26-CB9C-4083-AF49-8A646C652131}.Debug|Any CPU.ActiveCfg = Debug|Any CPU
		{AAE29D26-CB9C-4083-AF49-8A646C652131}.Debug|Any CPU.Build.0 = Debug|Any CPU
		{AAE29D26-CB9C-4083-AF49-8A646C652131}.Release|Any CPU.ActiveCfg = Release|Any CPU
		{AAE29D26-CB9C-4083-AF49-8A646C652131}.Release|Any CPU.Build.0 = Release|Any CPU
	EndGlobalSection
	GlobalSection(SolutionProperties) = preSolution
		HideSolutionNode = FALSE
	EndGlobalSection
	GlobalSection(ExtensibilityGlobals) = postSolution
		SolutionGuid = {673EC600-12A8-4B00-BCB8-97C9522CAA7F}
	EndGlobalSection
EndGlobal
